// !$*UTF8*$!
{
	archiveVersion = 1;
	classes = {
	};
	objectVersion = 46;
	objects = {

/* Begin PBXBuildFile section */
		46053D7A1FC4817A006079D5 /* RefreshContents.xib in Resources */ = {isa = PBXBuildFile; fileRef = 46053D781FC4817A006079D5 /* RefreshContents.xib */; };
		46053D7B1FC4817A006079D5 /* CPRefreshViewController.swift in Sources */ = {isa = PBXBuildFile; fileRef = 46053D791FC4817A006079D5 /* CPRefreshViewController.swift */; };
		4619695B1EF2A15F00029FE4 /* MenuTableViewController.swift in Sources */ = {isa = PBXBuildFile; fileRef = 4619695A1EF2A15F00029FE4 /* MenuTableViewController.swift */; };
		4619695D1EF2A1B900029FE4 /* MenuTransitionManager.swift in Sources */ = {isa = PBXBuildFile; fileRef = 4619695C1EF2A1B900029FE4 /* MenuTransitionManager.swift */; };
		462854A81EF3BD4800DD46D0 /* MenuTableViewCell.swift in Sources */ = {isa = PBXBuildFile; fileRef = 462854A71EF3BD4800DD46D0 /* MenuTableViewCell.swift */; };
		462B4DF21FCDC1F600E81FF5 /* QuickActionViewController.swift in Sources */ = {isa = PBXBuildFile; fileRef = 462B4DF11FCDC1F600E81FF5 /* QuickActionViewController.swift */; };
		462B4DF51FCF0A3400E81FF5 /* MosaiCollectionViewController.swift in Sources */ = {isa = PBXBuildFile; fileRef = 462B4DF41FCF0A3400E81FF5 /* MosaiCollectionViewController.swift */; };
		462B4DFD1FCF0B1700E81FF5 /* FMMosaicLayout.m in Sources */ = {isa = PBXBuildFile; fileRef = 462B4DF91FCF0B1700E81FF5 /* FMMosaicLayout.m */; };
		4647910A1FC942BA001F6494 /* CollectAnimateViewController.swift in Sources */ = {isa = PBXBuildFile; fileRef = 464791091FC942BA001F6494 /* CollectAnimateViewController.swift */; };
		464791101FC9486D001F6494 /* AnimationImageCollection.swift in Sources */ = {isa = PBXBuildFile; fileRef = 4647910F1FC9486D001F6494 /* AnimationImageCollection.swift */; };
		464791121FC948E8001F6494 /* AnimationCellModel.swift in Sources */ = {isa = PBXBuildFile; fileRef = 464791111FC948E8001F6494 /* AnimationCellModel.swift */; };
		4672321C1FD1735A00C29849 /* CoreDataViewController.swift in Sources */ = {isa = PBXBuildFile; fileRef = 4672321B1FD1735A00C29849 /* CoreDataViewController.swift */; };
		467232231FD176B700C29849 /* CoreDataManager.swift in Sources */ = {isa = PBXBuildFile; fileRef = 467232221FD176B700C29849 /* CoreDataManager.swift */; };
		467232261FD18BDC00C29849 /* cd.xcdatamodeld in Sources */ = {isa = PBXBuildFile; fileRef = 467232241FD18BDC00C29849 /* cd.xcdatamodeld */; };
		467232271FD18BFE00C29849 /* cd.xcdatamodeld in Resources */ = {isa = PBXBuildFile; fileRef = 467232241FD18BDC00C29849 /* cd.xcdatamodeld */; };
		467458E71EDF15E000026CC7 /* SignUpViewController.swift in Sources */ = {isa = PBXBuildFile; fileRef = 467458E61EDF15E000026CC7 /* SignUpViewController.swift */; };
		467458E91EDF15FE00026CC7 /* LoginViewController.swift in Sources */ = {isa = PBXBuildFile; fileRef = 467458E81EDF15FE00026CC7 /* LoginViewController.swift */; };
		467458EC1EDFE73600026CC7 /* FirstTableViewController.swift in Sources */ = {isa = PBXBuildFile; fileRef = 467458EB1EDFE73600026CC7 /* FirstTableViewController.swift */; };
		467458EE1EDFE75B00026CC7 /* SecondTableViewController.swift in Sources */ = {isa = PBXBuildFile; fileRef = 467458ED1EDFE75B00026CC7 /* SecondTableViewController.swift */; };
		467458F01EE0FDE100026CC7 /* EmojiMachineViewController.swift in Sources */ = {isa = PBXBuildFile; fileRef = 467458EF1EE0FDE100026CC7 /* EmojiMachineViewController.swift */; };
		467604031FCC4762005FD155 /* AnimationCollectionViewCell.swift in Sources */ = {isa = PBXBuildFile; fileRef = 467604011FCC4762005FD155 /* AnimationCollectionViewCell.swift */; };
		467604041FCC4762005FD155 /* AnimationCollectionViewCell.xib in Resources */ = {isa = PBXBuildFile; fileRef = 467604021FCC4762005FD155 /* AnimationCollectionViewCell.xib */; };
		467604081FCC51B7005FD155 /* SwipeableTableViewController.swift in Sources */ = {isa = PBXBuildFile; fileRef = 467604071FCC51B7005FD155 /* SwipeableTableViewController.swift */; };
		4676040A1FCC51F8005FD155 /* PatternCell.swift in Sources */ = {isa = PBXBuildFile; fileRef = 467604091FCC51F8005FD155 /* PatternCell.swift */; };
		4676040F1FCD866C005FD155 /* RunViewController.swift in Sources */ = {isa = PBXBuildFile; fileRef = 4676040E1FCD8669005FD155 /* RunViewController.swift */; };
		467604111FCD8687005FD155 /* ScanViewController.swift in Sources */ = {isa = PBXBuildFile; fileRef = 467604101FCD8687005FD155 /* ScanViewController.swift */; };
		467604131FCD8694005FD155 /* SwitchWIFIViewController.swift in Sources */ = {isa = PBXBuildFile; fileRef = 467604121FCD8694005FD155 /* SwitchWIFIViewController.swift */; };
		46834DEF1EEEE6B200CF0579 /* NewsTableViewController.swift in Sources */ = {isa = PBXBuildFile; fileRef = 46834DEE1EEEE6B200CF0579 /* NewsTableViewController.swift */; };
		46834DF11EEEE9DE00CF0579 /* NewsTableViewCell.swift in Sources */ = {isa = PBXBuildFile; fileRef = 46834DF01EEEE9DE00CF0579 /* NewsTableViewCell.swift */; };
		468CF4CD1FCD8AE700F29EEA /* QuickActionHandler.swift in Sources */ = {isa = PBXBuildFile; fileRef = 468CF4CC1FCD8AE700F29EEA /* QuickActionHandler.swift */; };
		468CF4DB1FCED8F800F29EEA /* SWRevealViewController.m in Sources */ = {isa = PBXBuildFile; fileRef = 468CF4DA1FCED8F700F29EEA /* SWRevealViewController.m */; };
		468CF4DF1FCEDC0E00F29EEA /* RevealAbleViewController.swift in Sources */ = {isa = PBXBuildFile; fileRef = 468CF4DE1FCEDC0E00F29EEA /* RevealAbleViewController.swift */; };
		468CF4E11FCEDE2E00F29EEA /* ChannelViewController.swift in Sources */ = {isa = PBXBuildFile; fileRef = 468CF4E01FCEDE2E00F29EEA /* ChannelViewController.swift */; };
		468CF4E31FCEDE4700F29EEA /* FriendReadViewController.swift in Sources */ = {isa = PBXBuildFile; fileRef = 468CF4E21FCEDE4700F29EEA /* FriendReadViewController.swift */; };
		468CF4E51FCEDE6700F29EEA /* ReadLaterViewController.swift in Sources */ = {isa = PBXBuildFile; fileRef = 468CF4E41FCEDE6700F29EEA /* ReadLaterViewController.swift */; };
		468CF4E71FCEDE8700F29EEA /* BackTableViewController.swift in Sources */ = {isa = PBXBuildFile; fileRef = 468CF4E61FCEDE8700F29EEA /* BackTableViewController.swift */; };
		468D9F4F1FB99BB4008DC057 /* Assets.xcassets in Resources */ = {isa = PBXBuildFile; fileRef = 46FBEFD61EF3B8D60053F9BA /* Assets.xcassets */; };
		469561501FBC683100E60233 /* MainViewController.swift in Sources */ = {isa = PBXBuildFile; fileRef = 4695614E1FBC683100E60233 /* MainViewController.swift */; };
		469561511FBC683100E60233 /* MenuViewController.swift in Sources */ = {isa = PBXBuildFile; fileRef = 4695614F1FBC683100E60233 /* MenuViewController.swift */; };
		469561531FBC685500E60233 /* TumblrMenuTransitionManager.swift in Sources */ = {isa = PBXBuildFile; fileRef = 469561521FBC685500E60233 /* TumblrMenuTransitionManager.swift */; };
		46A0A2571FD27C41001B6E43 /* FirstViewController.swift in Sources */ = {isa = PBXBuildFile; fileRef = 46A0A2561FD27C41001B6E43 /* FirstViewController.swift */; };
		46A0A2591FD27C4E001B6E43 /* SecondViewController.swift in Sources */ = {isa = PBXBuildFile; fileRef = 46A0A2581FD27C4E001B6E43 /* SecondViewController.swift */; };
		46A0A25B1FD27C58001B6E43 /* ThirdViewController.swift in Sources */ = {isa = PBXBuildFile; fileRef = 46A0A25A1FD27C58001B6E43 /* ThirdViewController.swift */; };
		46A0A25D1FD27C87001B6E43 /* ArticleTableViewCell.swift in Sources */ = {isa = PBXBuildFile; fileRef = 46A0A25C1FD27C87001B6E43 /* ArticleTableViewCell.swift */; };
		46A0A25F1FD2A244001B6E43 /* TabBaseViewController.swift in Sources */ = {isa = PBXBuildFile; fileRef = 46A0A25E1FD2A244001B6E43 /* TabBaseViewController.swift */; };
		46BE91141FD036F2002DD3FD /* OpacityViewController.swift in Sources */ = {isa = PBXBuildFile; fileRef = 46BE91131FD036F2002DD3FD /* OpacityViewController.swift */; };
		46BE91161FD03705002DD3FD /* PositionViewController.swift in Sources */ = {isa = PBXBuildFile; fileRef = 46BE91151FD03705002DD3FD /* PositionViewController.swift */; };
		46BE91181FD0370F002DD3FD /* ColorViewController.swift in Sources */ = {isa = PBXBuildFile; fileRef = 46BE91171FD0370F002DD3FD /* ColorViewController.swift */; };
		46BE911A1FD03718002DD3FD /* ScaleViewController.swift in Sources */ = {isa = PBXBuildFile; fileRef = 46BE91191FD03718002DD3FD /* ScaleViewController.swift */; };
		46BE911C1FD03725002DD3FD /* RotationViewController.swift in Sources */ = {isa = PBXBuildFile; fileRef = 46BE911B1FD03725002DD3FD /* RotationViewController.swift */; };
		46BE911E1FD03740002DD3FD /* BATableViewController.swift in Sources */ = {isa = PBXBuildFile; fileRef = 46BE911D1FD03740002DD3FD /* BATableViewController.swift */; };
		46D1873D1FC2DE2300E7B8DA /* LimitCharsViewController.swift in Sources */ = {isa = PBXBuildFile; fileRef = 46D1873C1FC2DE2300E7B8DA /* LimitCharsViewController.swift */; };
		46D410D91EDB2F8500047C5A /* VideoSplashViewController.swift in Sources */ = {isa = PBXBuildFile; fileRef = 46D410D81EDB2F8500047C5A /* VideoSplashViewController.swift */; };
		46D410DD1EDB331400047C5A /* VideoCutter.swift in Sources */ = {isa = PBXBuildFile; fileRef = 46D410DC1EDB331400047C5A /* VideoCutter.swift */; };
		46D410DF1EDC48D800047C5A /* TestVideoSplash.swift in Sources */ = {isa = PBXBuildFile; fileRef = 46D410DE1EDC48D800047C5A /* TestVideoSplash.swift */; };
		46D410E01EDC4E4100047C5A /* moments.mp4 in Resources */ = {isa = PBXBuildFile; fileRef = 46D410D11EDB2CDA00047C5A /* moments.mp4 */; };
		46D410E31EDDB6AE00047C5A /* ClearTableViewController.swift in Sources */ = {isa = PBXBuildFile; fileRef = 46D410E21EDDB6AE00047C5A /* ClearTableViewController.swift */; };
		46D410E51EDDB6E300047C5A /* ClearTableViewCell.swift in Sources */ = {isa = PBXBuildFile; fileRef = 46D410E41EDDB6E300047C5A /* ClearTableViewCell.swift */; };
		46EB83C81EE1D91D00FE8336 /* SplashAnimation.swift in Sources */ = {isa = PBXBuildFile; fileRef = 46EB83C71EE1D91D00FE8336 /* SplashAnimation.swift */; };
		46F051661E043990006930F5 /* AppDelegate.swift in Sources */ = {isa = PBXBuildFile; fileRef = 46F051651E043990006930F5 /* AppDelegate.swift */; };
		46F051681E043990006930F5 /* ProjViewController.swift in Sources */ = {isa = PBXBuildFile; fileRef = 46F051671E043990006930F5 /* ProjViewController.swift */; };
		46F0516B1E043990006930F5 /* Main.storyboard in Resources */ = {isa = PBXBuildFile; fileRef = 46F051691E043990006930F5 /* Main.storyboard */; };
		46F051701E043990006930F5 /* LaunchScreen.storyboard in Resources */ = {isa = PBXBuildFile; fileRef = 46F0516E1E043990006930F5 /* LaunchScreen.storyboard */; };
		46F0517B1E043990006930F5 /* MXDailySwiftTests.swift in Sources */ = {isa = PBXBuildFile; fileRef = 46F0517A1E043990006930F5 /* MXDailySwiftTests.swift */; };
		46F051861E043990006930F5 /* MXDailySwiftUITests.swift in Sources */ = {isa = PBXBuildFile; fileRef = 46F051851E043990006930F5 /* MXDailySwiftUITests.swift */; };
		46F051941E044035006930F5 /* PullToRefreshViewController.swift in Sources */ = {isa = PBXBuildFile; fileRef = 46F051931E044035006930F5 /* PullToRefreshViewController.swift */; };
		46F051981E044DEF006930F5 /* StopViewController.swift in Sources */ = {isa = PBXBuildFile; fileRef = 46F051971E044DEF006930F5 /* StopViewController.swift */; };
		46F0519D1E0452A6006930F5 /* funny.swift in Sources */ = {isa = PBXBuildFile; fileRef = 46F0519A1E0452A6006930F5 /* funny.swift */; };
		46F0519E1E0452A6006930F5 /* funnyCell.swift in Sources */ = {isa = PBXBuildFile; fileRef = 46F0519B1E0452A6006930F5 /* funnyCell.swift */; };
		46F0519F1E0452A6006930F5 /* CarouseEViewController.swift in Sources */ = {isa = PBXBuildFile; fileRef = 46F0519C1E0452A6006930F5 /* CarouseEViewController.swift */; };
		46F051A71E059616006930F5 /* Ecstasy.mp3 in Resources */ = {isa = PBXBuildFile; fileRef = 46F051A61E059616006930F5 /* Ecstasy.mp3 */; };
		46F051A91E059901006930F5 /* RandomColorizationVC.swift in Sources */ = {isa = PBXBuildFile; fileRef = 46F051A81E059901006930F5 /* RandomColorizationVC.swift */; };
		46F051EF1E0660A6006930F5 /* ImageScrollerEffectVC.swift in Sources */ = {isa = PBXBuildFile; fileRef = 46F051EE1E0660A6006930F5 /* ImageScrollerEffectVC.swift */; };
		46F051F11E06DEC6006930F5 /* VideoBackgroundVC.swift in Sources */ = {isa = PBXBuildFile; fileRef = 46F051F01E06DEC6006930F5 /* VideoBackgroundVC.swift */; };
/* End PBXBuildFile section */

/* Begin PBXContainerItemProxy section */
		46F051771E043990006930F5 /* PBXContainerItemProxy */ = {
			isa = PBXContainerItemProxy;
			containerPortal = 46F0515A1E043990006930F5 /* Project object */;
			proxyType = 1;
			remoteGlobalIDString = 46F051611E043990006930F5;
			remoteInfo = MXDailySwift;
		};
		46F051821E043990006930F5 /* PBXContainerItemProxy */ = {
			isa = PBXContainerItemProxy;
			containerPortal = 46F0515A1E043990006930F5 /* Project object */;
			proxyType = 1;
			remoteGlobalIDString = 46F051611E043990006930F5;
			remoteInfo = MXDailySwift;
		};
/* End PBXContainerItemProxy section */

/* Begin PBXFileReference section */
		46053D781FC4817A006079D5 /* RefreshContents.xib */ = {isa = PBXFileReference; fileEncoding = 4; lastKnownFileType = file.xib; name = RefreshContents.xib; path = "19-CustomPullToRefresh/RefreshContents.xib"; sourceTree = "<group>"; };
		46053D791FC4817A006079D5 /* CPRefreshViewController.swift */ = {isa = PBXFileReference; fileEncoding = 4; lastKnownFileType = sourcecode.swift; name = CPRefreshViewController.swift; path = "19-CustomPullToRefresh/CPRefreshViewController.swift"; sourceTree = "<group>"; };
		4619695A1EF2A15F00029FE4 /* MenuTableViewController.swift */ = {isa = PBXFileReference; lastKnownFileType = sourcecode.swift; name = MenuTableViewController.swift; path = "16-SlideMenu/MenuTableViewController.swift"; sourceTree = "<group>"; };
		4619695C1EF2A1B900029FE4 /* MenuTransitionManager.swift */ = {isa = PBXFileReference; lastKnownFileType = sourcecode.swift; name = MenuTransitionManager.swift; path = "16-SlideMenu/MenuTransitionManager.swift"; sourceTree = "<group>"; };
		462854A71EF3BD4800DD46D0 /* MenuTableViewCell.swift */ = {isa = PBXFileReference; lastKnownFileType = sourcecode.swift; name = MenuTableViewCell.swift; path = "16-SlideMenu/MenuTableViewCell.swift"; sourceTree = "<group>"; };
		462B4DF11FCDC1F600E81FF5 /* QuickActionViewController.swift */ = {isa = PBXFileReference; lastKnownFileType = sourcecode.swift; path = QuickActionViewController.swift; sourceTree = "<group>"; };
		462B4DF41FCF0A3400E81FF5 /* MosaiCollectionViewController.swift */ = {isa = PBXFileReference; lastKnownFileType = sourcecode.swift; path = MosaiCollectionViewController.swift; sourceTree = "<group>"; };
		462B4DF91FCF0B1700E81FF5 /* FMMosaicLayout.m */ = {isa = PBXFileReference; fileEncoding = 4; lastKnownFileType = sourcecode.c.objc; path = FMMosaicLayout.m; sourceTree = "<group>"; };
		462B4DFA1FCF0B1700E81FF5 /* FMMosaicLayout.h */ = {isa = PBXFileReference; fileEncoding = 4; lastKnownFileType = sourcecode.c.h; path = FMMosaicLayout.h; sourceTree = "<group>"; };
		464791091FC942BA001F6494 /* CollectAnimateViewController.swift */ = {isa = PBXFileReference; lastKnownFileType = sourcecode.swift; name = CollectAnimateViewController.swift; path = "20-CollectionViewAnimation/CollectAnimateViewController.swift"; sourceTree = "<group>"; };
		4647910F1FC9486D001F6494 /* AnimationImageCollection.swift */ = {isa = PBXFileReference; lastKnownFileType = sourcecode.swift; name = AnimationImageCollection.swift; path = "20-CollectionViewAnimation/AnimationImageCollection.swift"; sourceTree = "<group>"; };
		464791111FC948E8001F6494 /* AnimationCellModel.swift */ = {isa = PBXFileReference; lastKnownFileType = sourcecode.swift; name = AnimationCellModel.swift; path = "20-CollectionViewAnimation/AnimationCellModel.swift"; sourceTree = "<group>"; };
		4672321B1FD1735A00C29849 /* CoreDataViewController.swift */ = {isa = PBXFileReference; lastKnownFileType = sourcecode.swift; path = CoreDataViewController.swift; sourceTree = "<group>"; };
		467232211FD1753600C29849 /* CoreData.framework */ = {isa = PBXFileReference; lastKnownFileType = wrapper.framework; name = CoreData.framework; path = System/Library/Frameworks/CoreData.framework; sourceTree = SDKROOT; };
		467232221FD176B700C29849 /* CoreDataManager.swift */ = {isa = PBXFileReference; lastKnownFileType = sourcecode.swift; path = CoreDataManager.swift; sourceTree = "<group>"; };
		467232251FD18BDC00C29849 /* cd.xcdatamodel */ = {isa = PBXFileReference; lastKnownFileType = wrapper.xcdatamodel; path = cd.xcdatamodel; sourceTree = "<group>"; };
		467458E61EDF15E000026CC7 /* SignUpViewController.swift */ = {isa = PBXFileReference; fileEncoding = 4; lastKnownFileType = sourcecode.swift; name = SignUpViewController.swift; path = "12-LoginAnimation/SignUpViewController.swift"; sourceTree = "<group>"; };
		467458E81EDF15FE00026CC7 /* LoginViewController.swift */ = {isa = PBXFileReference; fileEncoding = 4; lastKnownFileType = sourcecode.swift; name = LoginViewController.swift; path = "12-LoginAnimation/LoginViewController.swift"; sourceTree = "<group>"; };
		467458EB1EDFE73600026CC7 /* FirstTableViewController.swift */ = {isa = PBXFileReference; fileEncoding = 4; lastKnownFileType = sourcecode.swift; name = FirstTableViewController.swift; path = "13-AnimateTableViewCell/FirstTableViewController.swift"; sourceTree = "<group>"; };
		467458ED1EDFE75B00026CC7 /* SecondTableViewController.swift */ = {isa = PBXFileReference; fileEncoding = 4; lastKnownFileType = sourcecode.swift; name = SecondTableViewController.swift; path = "13-AnimateTableViewCell/SecondTableViewController.swift"; sourceTree = "<group>"; };
		467458EF1EE0FDE100026CC7 /* EmojiMachineViewController.swift */ = {isa = PBXFileReference; fileEncoding = 4; lastKnownFileType = sourcecode.swift; name = EmojiMachineViewController.swift; path = "14-EmojiMachine/EmojiMachineViewController.swift"; sourceTree = "<group>"; };
		467604011FCC4762005FD155 /* AnimationCollectionViewCell.swift */ = {isa = PBXFileReference; lastKnownFileType = sourcecode.swift; name = AnimationCollectionViewCell.swift; path = "20-CollectionViewAnimation/AnimationCollectionViewCell.swift"; sourceTree = "<group>"; };
		467604021FCC4762005FD155 /* AnimationCollectionViewCell.xib */ = {isa = PBXFileReference; lastKnownFileType = file.xib; name = AnimationCollectionViewCell.xib; path = "20-CollectionViewAnimation/AnimationCollectionViewCell.xib"; sourceTree = "<group>"; };
		467604071FCC51B7005FD155 /* SwipeableTableViewController.swift */ = {isa = PBXFileReference; lastKnownFileType = sourcecode.swift; path = SwipeableTableViewController.swift; sourceTree = "<group>"; };
		467604091FCC51F8005FD155 /* PatternCell.swift */ = {isa = PBXFileReference; lastKnownFileType = sourcecode.swift; path = PatternCell.swift; sourceTree = "<group>"; };
		4676040E1FCD8669005FD155 /* RunViewController.swift */ = {isa = PBXFileReference; lastKnownFileType = sourcecode.swift; path = RunViewController.swift; sourceTree = "<group>"; };
		467604101FCD8687005FD155 /* ScanViewController.swift */ = {isa = PBXFileReference; lastKnownFileType = sourcecode.swift; path = ScanViewController.swift; sourceTree = "<group>"; };
		467604121FCD8694005FD155 /* SwitchWIFIViewController.swift */ = {isa = PBXFileReference; lastKnownFileType = sourcecode.swift; path = SwitchWIFIViewController.swift; sourceTree = "<group>"; };
		46834DEE1EEEE6B200CF0579 /* NewsTableViewController.swift */ = {isa = PBXFileReference; fileEncoding = 4; lastKnownFileType = sourcecode.swift; name = NewsTableViewController.swift; path = "16-SlideMenu/NewsTableViewController.swift"; sourceTree = "<group>"; };
		46834DF01EEEE9DE00CF0579 /* NewsTableViewCell.swift */ = {isa = PBXFileReference; fileEncoding = 4; lastKnownFileType = sourcecode.swift; name = NewsTableViewCell.swift; path = "16-SlideMenu/NewsTableViewCell.swift"; sourceTree = "<group>"; };
		468CF4CC1FCD8AE700F29EEA /* QuickActionHandler.swift */ = {isa = PBXFileReference; lastKnownFileType = sourcecode.swift; path = QuickActionHandler.swift; sourceTree = "<group>"; };
		468CF4D71FCED8F400F29EEA /* DailySwift-Bridging-Header.h */ = {isa = PBXFileReference; lastKnownFileType = sourcecode.c.h; path = "DailySwift-Bridging-Header.h"; sourceTree = "<group>"; };
		468CF4D91FCED8F700F29EEA /* SWRevealViewController.h */ = {isa = PBXFileReference; fileEncoding = 4; lastKnownFileType = sourcecode.c.h; path = SWRevealViewController.h; sourceTree = "<group>"; };
		468CF4DA1FCED8F700F29EEA /* SWRevealViewController.m */ = {isa = PBXFileReference; fileEncoding = 4; lastKnownFileType = sourcecode.c.objc; path = SWRevealViewController.m; sourceTree = "<group>"; };
		468CF4DE1FCEDC0E00F29EEA /* RevealAbleViewController.swift */ = {isa = PBXFileReference; lastKnownFileType = sourcecode.swift; path = RevealAbleViewController.swift; sourceTree = "<group>"; };
		468CF4E01FCEDE2E00F29EEA /* ChannelViewController.swift */ = {isa = PBXFileReference; lastKnownFileType = sourcecode.swift; path = ChannelViewController.swift; sourceTree = "<group>"; };
		468CF4E21FCEDE4700F29EEA /* FriendReadViewController.swift */ = {isa = PBXFileReference; lastKnownFileType = sourcecode.swift; path = FriendReadViewController.swift; sourceTree = "<group>"; };
		468CF4E41FCEDE6700F29EEA /* ReadLaterViewController.swift */ = {isa = PBXFileReference; lastKnownFileType = sourcecode.swift; path = ReadLaterViewController.swift; sourceTree = "<group>"; };
		468CF4E61FCEDE8700F29EEA /* BackTableViewController.swift */ = {isa = PBXFileReference; lastKnownFileType = sourcecode.swift; path = BackTableViewController.swift; sourceTree = "<group>"; };
		4695614E1FBC683100E60233 /* MainViewController.swift */ = {isa = PBXFileReference; fileEncoding = 4; lastKnownFileType = sourcecode.swift; name = MainViewController.swift; path = "17-TumblrMenu/MainViewController.swift"; sourceTree = "<group>"; };
		4695614F1FBC683100E60233 /* MenuViewController.swift */ = {isa = PBXFileReference; fileEncoding = 4; lastKnownFileType = sourcecode.swift; name = MenuViewController.swift; path = "17-TumblrMenu/MenuViewController.swift"; sourceTree = "<group>"; };
		469561521FBC685500E60233 /* TumblrMenuTransitionManager.swift */ = {isa = PBXFileReference; lastKnownFileType = sourcecode.swift; name = TumblrMenuTransitionManager.swift; path = "17-TumblrMenu/TumblrMenuTransitionManager.swift"; sourceTree = "<group>"; };
		46A0A2561FD27C41001B6E43 /* FirstViewController.swift */ = {isa = PBXFileReference; lastKnownFileType = sourcecode.swift; path = FirstViewController.swift; sourceTree = "<group>"; };
		46A0A2581FD27C4E001B6E43 /* SecondViewController.swift */ = {isa = PBXFileReference; lastKnownFileType = sourcecode.swift; path = SecondViewController.swift; sourceTree = "<group>"; };
		46A0A25A1FD27C58001B6E43 /* ThirdViewController.swift */ = {isa = PBXFileReference; lastKnownFileType = sourcecode.swift; path = ThirdViewController.swift; sourceTree = "<group>"; };
		46A0A25C1FD27C87001B6E43 /* ArticleTableViewCell.swift */ = {isa = PBXFileReference; lastKnownFileType = sourcecode.swift; path = ArticleTableViewCell.swift; sourceTree = "<group>"; };
		46A0A25E1FD2A244001B6E43 /* TabBaseViewController.swift */ = {isa = PBXFileReference; lastKnownFileType = sourcecode.swift; path = TabBaseViewController.swift; sourceTree = "<group>"; };
		46BE91131FD036F2002DD3FD /* OpacityViewController.swift */ = {isa = PBXFileReference; lastKnownFileType = sourcecode.swift; path = OpacityViewController.swift; sourceTree = "<group>"; };
		46BE91151FD03705002DD3FD /* PositionViewController.swift */ = {isa = PBXFileReference; lastKnownFileType = sourcecode.swift; path = PositionViewController.swift; sourceTree = "<group>"; };
		46BE91171FD0370F002DD3FD /* ColorViewController.swift */ = {isa = PBXFileReference; lastKnownFileType = sourcecode.swift; path = ColorViewController.swift; sourceTree = "<group>"; };
		46BE91191FD03718002DD3FD /* ScaleViewController.swift */ = {isa = PBXFileReference; lastKnownFileType = sourcecode.swift; path = ScaleViewController.swift; sourceTree = "<group>"; };
		46BE911B1FD03725002DD3FD /* RotationViewController.swift */ = {isa = PBXFileReference; lastKnownFileType = sourcecode.swift; path = RotationViewController.swift; sourceTree = "<group>"; };
		46BE911D1FD03740002DD3FD /* BATableViewController.swift */ = {isa = PBXFileReference; lastKnownFileType = sourcecode.swift; path = BATableViewController.swift; sourceTree = "<group>"; };
		46D1873C1FC2DE2300E7B8DA /* LimitCharsViewController.swift */ = {isa = PBXFileReference; lastKnownFileType = sourcecode.swift; name = LimitCharsViewController.swift; path = "18-LimitCharacters/LimitCharsViewController.swift"; sourceTree = "<group>"; };
		46D410D11EDB2CDA00047C5A /* moments.mp4 */ = {isa = PBXFileReference; lastKnownFileType = file; path = moments.mp4; sourceTree = "<group>"; };
		46D410D81EDB2F8500047C5A /* VideoSplashViewController.swift */ = {isa = PBXFileReference; fileEncoding = 4; lastKnownFileType = sourcecode.swift; name = VideoSplashViewController.swift; path = "10-VideoBackground/VideoSplashViewController.swift"; sourceTree = "<group>"; };
		46D410DC1EDB331400047C5A /* VideoCutter.swift */ = {isa = PBXFileReference; fileEncoding = 4; lastKnownFileType = sourcecode.swift; name = VideoCutter.swift; path = "10-VideoBackground/VideoCutter.swift"; sourceTree = "<group>"; };
		46D410DE1EDC48D800047C5A /* TestVideoSplash.swift */ = {isa = PBXFileReference; fileEncoding = 4; lastKnownFileType = sourcecode.swift; path = TestVideoSplash.swift; sourceTree = "<group>"; };
		46D410E21EDDB6AE00047C5A /* ClearTableViewController.swift */ = {isa = PBXFileReference; fileEncoding = 4; lastKnownFileType = sourcecode.swift; name = ClearTableViewController.swift; path = "11-ClearTableViewCell/ClearTableViewController.swift"; sourceTree = "<group>"; };
		46D410E41EDDB6E300047C5A /* ClearTableViewCell.swift */ = {isa = PBXFileReference; fileEncoding = 4; lastKnownFileType = sourcecode.swift; name = ClearTableViewCell.swift; path = "11-ClearTableViewCell/ClearTableViewCell.swift"; sourceTree = "<group>"; };
		46EB83C71EE1D91D00FE8336 /* SplashAnimation.swift */ = {isa = PBXFileReference; fileEncoding = 4; lastKnownFileType = sourcecode.swift; name = SplashAnimation.swift; path = "15-SpashAnimation/SplashAnimation.swift"; sourceTree = "<group>"; };
		46F051621E043990006930F5 /* DailySwift.app */ = {isa = PBXFileReference; explicitFileType = wrapper.application; includeInIndex = 0; path = DailySwift.app; sourceTree = BUILT_PRODUCTS_DIR; };
		46F051651E043990006930F5 /* AppDelegate.swift */ = {isa = PBXFileReference; lastKnownFileType = sourcecode.swift; path = AppDelegate.swift; sourceTree = "<group>"; };
		46F051671E043990006930F5 /* ProjViewController.swift */ = {isa = PBXFileReference; lastKnownFileType = sourcecode.swift; path = ProjViewController.swift; sourceTree = "<group>"; };
		46F0516A1E043990006930F5 /* Base */ = {isa = PBXFileReference; lastKnownFileType = file.storyboard; name = Base; path = Base.lproj/Main.storyboard; sourceTree = "<group>"; };
		46F0516F1E043990006930F5 /* Base */ = {isa = PBXFileReference; lastKnownFileType = file.storyboard; name = Base; path = Base.lproj/LaunchScreen.storyboard; sourceTree = "<group>"; };
		46F051711E043990006930F5 /* Info.plist */ = {isa = PBXFileReference; lastKnownFileType = text.plist.xml; path = Info.plist; sourceTree = "<group>"; };
		46F051761E043990006930F5 /* DailySwiftTests.xctest */ = {isa = PBXFileReference; explicitFileType = wrapper.cfbundle; includeInIndex = 0; path = DailySwiftTests.xctest; sourceTree = BUILT_PRODUCTS_DIR; };
		46F0517A1E043990006930F5 /* MXDailySwiftTests.swift */ = {isa = PBXFileReference; lastKnownFileType = sourcecode.swift; path = MXDailySwiftTests.swift; sourceTree = "<group>"; };
		46F0517C1E043990006930F5 /* Info.plist */ = {isa = PBXFileReference; lastKnownFileType = text.plist.xml; path = Info.plist; sourceTree = "<group>"; };
		46F051811E043990006930F5 /* DailySwiftUITests.xctest */ = {isa = PBXFileReference; explicitFileType = wrapper.cfbundle; includeInIndex = 0; path = DailySwiftUITests.xctest; sourceTree = BUILT_PRODUCTS_DIR; };
		46F051851E043990006930F5 /* MXDailySwiftUITests.swift */ = {isa = PBXFileReference; lastKnownFileType = sourcecode.swift; path = MXDailySwiftUITests.swift; sourceTree = "<group>"; };
		46F051871E043990006930F5 /* Info.plist */ = {isa = PBXFileReference; lastKnownFileType = text.plist.xml; path = Info.plist; sourceTree = "<group>"; };
		46F051931E044035006930F5 /* PullToRefreshViewController.swift */ = {isa = PBXFileReference; fileEncoding = 4; lastKnownFileType = sourcecode.swift; name = PullToRefreshViewController.swift; path = "07-PullToRefresh/PullToRefreshViewController.swift"; sourceTree = "<group>"; };
		46F051971E044DEF006930F5 /* StopViewController.swift */ = {isa = PBXFileReference; fileEncoding = 4; lastKnownFileType = sourcecode.swift; name = StopViewController.swift; path = "01-StopWatch/StopViewController.swift"; sourceTree = "<group>"; };
		46F0519A1E0452A6006930F5 /* funny.swift */ = {isa = PBXFileReference; fileEncoding = 4; lastKnownFileType = sourcecode.swift; name = funny.swift; path = "05-Carousel Effect/funny.swift"; sourceTree = "<group>"; };
		46F0519B1E0452A6006930F5 /* funnyCell.swift */ = {isa = PBXFileReference; fileEncoding = 4; lastKnownFileType = sourcecode.swift; name = funnyCell.swift; path = "05-Carousel Effect/funnyCell.swift"; sourceTree = "<group>"; };
		46F0519C1E0452A6006930F5 /* CarouseEViewController.swift */ = {isa = PBXFileReference; fileEncoding = 4; lastKnownFileType = sourcecode.swift; name = CarouseEViewController.swift; path = "05-Carousel Effect/CarouseEViewController.swift"; sourceTree = "<group>"; };
		46F051A61E059616006930F5 /* Ecstasy.mp3 */ = {isa = PBXFileReference; lastKnownFileType = audio.mp3; path = Ecstasy.mp3; sourceTree = "<group>"; };
		46F051A81E059901006930F5 /* RandomColorizationVC.swift */ = {isa = PBXFileReference; fileEncoding = 4; lastKnownFileType = sourcecode.swift; name = RandomColorizationVC.swift; path = "08-RandomColorization/RandomColorizationVC.swift"; sourceTree = "<group>"; };
		46F051EE1E0660A6006930F5 /* ImageScrollerEffectVC.swift */ = {isa = PBXFileReference; fileEncoding = 4; lastKnownFileType = sourcecode.swift; name = ImageScrollerEffectVC.swift; path = "09 -ImageScroller/ImageScrollerEffectVC.swift"; sourceTree = "<group>"; };
		46F051F01E06DEC6006930F5 /* VideoBackgroundVC.swift */ = {isa = PBXFileReference; fileEncoding = 4; lastKnownFileType = sourcecode.swift; name = VideoBackgroundVC.swift; path = "10-VideoBackground/VideoBackgroundVC.swift"; sourceTree = "<group>"; };
		46FBEFD61EF3B8D60053F9BA /* Assets.xcassets */ = {isa = PBXFileReference; lastKnownFileType = folder.assetcatalog; path = Assets.xcassets; sourceTree = "<group>"; };
/* End PBXFileReference section */

/* Begin PBXFrameworksBuildPhase section */
		46F0515F1E043990006930F5 /* Frameworks */ = {
			isa = PBXFrameworksBuildPhase;
			buildActionMask = 2147483647;
			files = (
			);
			runOnlyForDeploymentPostprocessing = 0;
		};
		46F051731E043990006930F5 /* Frameworks */ = {
			isa = PBXFrameworksBuildPhase;
			buildActionMask = 2147483647;
			files = (
			);
			runOnlyForDeploymentPostprocessing = 0;
		};
		46F0517E1E043990006930F5 /* Frameworks */ = {
			isa = PBXFrameworksBuildPhase;
			buildActionMask = 2147483647;
			files = (
			);
			runOnlyForDeploymentPostprocessing = 0;
		};
/* End PBXFrameworksBuildPhase section */

/* Begin PBXGroup section */
		46053D731FC47C8C006079D5 /* 19-CustomPullToRefresh */ = {
			isa = PBXGroup;
			children = (
				46053D791FC4817A006079D5 /* CPRefreshViewController.swift */,
				46053D781FC4817A006079D5 /* RefreshContents.xib */,
			);
			name = "19-CustomPullToRefresh";
			sourceTree = "<group>";
		};
		462B4DF31FCF09F500E81FF5 /* 24-MosaicLayout */ = {
			isa = PBXGroup;
			children = (
				462B4DF41FCF0A3400E81FF5 /* MosaiCollectionViewController.swift */,
				462B4DF61FCF0B1700E81FF5 /* FMMosaicLayout */,
			);
			path = "24-MosaicLayout";
			sourceTree = "<group>";
		};
		462B4DF61FCF0B1700E81FF5 /* FMMosaicLayout */ = {
			isa = PBXGroup;
			children = (
				462B4DFA1FCF0B1700E81FF5 /* FMMosaicLayout.h */,
				462B4DF91FCF0B1700E81FF5 /* FMMosaicLayout.m */,
			);
			path = FMMosaicLayout;
			sourceTree = "<group>";
		};
		464791081FC94274001F6494 /* 20-CollectionViewAnimation */ = {
			isa = PBXGroup;
			children = (
				464791091FC942BA001F6494 /* CollectAnimateViewController.swift */,
				4647910F1FC9486D001F6494 /* AnimationImageCollection.swift */,
				464791111FC948E8001F6494 /* AnimationCellModel.swift */,
				467604011FCC4762005FD155 /* AnimationCollectionViewCell.swift */,
				467604021FCC4762005FD155 /* AnimationCollectionViewCell.xib */,
			);
			name = "20-CollectionViewAnimation";
			sourceTree = "<group>";
		};
		4672321A1FD1731500C29849 /* 26-CoreDataApp */ = {
			isa = PBXGroup;
			children = (
				4672321B1FD1735A00C29849 /* CoreDataViewController.swift */,
				467232221FD176B700C29849 /* CoreDataManager.swift */,
				467232241FD18BDC00C29849 /* cd.xcdatamodeld */,
			);
			path = "26-CoreDataApp";
			sourceTree = "<group>";
		};
		467232201FD1753500C29849 /* Frameworks */ = {
			isa = PBXGroup;
			children = (
				467232211FD1753600C29849 /* CoreData.framework */,
			);
			name = Frameworks;
			sourceTree = "<group>";
		};
		467458E51EDF104F00026CC7 /* 12-LoginAnimation */ = {
			isa = PBXGroup;
			children = (
				467458E81EDF15FE00026CC7 /* LoginViewController.swift */,
				467458E61EDF15E000026CC7 /* SignUpViewController.swift */,
			);
			name = "12-LoginAnimation";
			sourceTree = "<group>";
		};
		467458EA1EDFA5E700026CC7 /* 13-AnimateTableViewCell */ = {
			isa = PBXGroup;
			children = (
				467458EB1EDFE73600026CC7 /* FirstTableViewController.swift */,
				467458ED1EDFE75B00026CC7 /* SecondTableViewController.swift */,
			);
			name = "13-AnimateTableViewCell";
			sourceTree = "<group>";
		};
		467458F11EE1233200026CC7 /* 14-EmojiSlotMachine */ = {
			isa = PBXGroup;
			children = (
				467458EF1EE0FDE100026CC7 /* EmojiMachineViewController.swift */,
			);
			name = "14-EmojiSlotMachine";
			sourceTree = "<group>";
		};
		467604061FCC517F005FD155 /* 21-SwipeableCell */ = {
			isa = PBXGroup;
			children = (
				467604071FCC51B7005FD155 /* SwipeableTableViewController.swift */,
				467604091FCC51F8005FD155 /* PatternCell.swift */,
			);
			path = "21-SwipeableCell";
			sourceTree = "<group>";
		};
		4676040D1FCD084E005FD155 /* 22-3DTouchQuickAction */ = {
			isa = PBXGroup;
			children = (
				468CF4CC1FCD8AE700F29EEA /* QuickActionHandler.swift */,
				462B4DF11FCDC1F600E81FF5 /* QuickActionViewController.swift */,
				4676040E1FCD8669005FD155 /* RunViewController.swift */,
				467604101FCD8687005FD155 /* ScanViewController.swift */,
				467604121FCD8694005FD155 /* SwitchWIFIViewController.swift */,
			);
			path = "22-3DTouchQuickAction";
			sourceTree = "<group>";
		};
		46834DED1EEEE44B00CF0579 /* 16-SlideMenu */ = {
			isa = PBXGroup;
			children = (
				46834DEE1EEEE6B200CF0579 /* NewsTableViewController.swift */,
				46834DF01EEEE9DE00CF0579 /* NewsTableViewCell.swift */,
				4619695A1EF2A15F00029FE4 /* MenuTableViewController.swift */,
				462854A71EF3BD4800DD46D0 /* MenuTableViewCell.swift */,
				4619695C1EF2A1B900029FE4 /* MenuTransitionManager.swift */,
			);
			name = "16-SlideMenu";
			sourceTree = "<group>";
		};
		468CF4D51FCED85400F29EEA /* 23-SlideOutMenu */ = {
			isa = PBXGroup;
			children = (
				468CF4E61FCEDE8700F29EEA /* BackTableViewController.swift */,
				468CF4DE1FCEDC0E00F29EEA /* RevealAbleViewController.swift */,
				468CF4E01FCEDE2E00F29EEA /* ChannelViewController.swift */,
				468CF4E21FCEDE4700F29EEA /* FriendReadViewController.swift */,
				468CF4E41FCEDE6700F29EEA /* ReadLaterViewController.swift */,
				468CF4D61FCED86C00F29EEA /* SWReveal */,
			);
			path = "23-SlideOutMenu";
			sourceTree = "<group>";
		};
		468CF4D61FCED86C00F29EEA /* SWReveal */ = {
			isa = PBXGroup;
			children = (
				468CF4D91FCED8F700F29EEA /* SWRevealViewController.h */,
				468CF4DA1FCED8F700F29EEA /* SWRevealViewController.m */,
			);
			name = SWReveal;
			sourceTree = "<group>";
		};
		468CF4DD1FCED95400F29EEA /* Support */ = {
			isa = PBXGroup;
			children = (
				468CF4D71FCED8F400F29EEA /* DailySwift-Bridging-Header.h */,
				46F051711E043990006930F5 /* Info.plist */,
			);
			name = Support;
			sourceTree = "<group>";
		};
		469561491FBC614F00E60233 /* 17-TumblrMenu */ = {
			isa = PBXGroup;
			children = (
				4695614E1FBC683100E60233 /* MainViewController.swift */,
				4695614F1FBC683100E60233 /* MenuViewController.swift */,
				469561521FBC685500E60233 /* TumblrMenuTransitionManager.swift */,
			);
			name = "17-TumblrMenu";
			sourceTree = "<group>";
		};
		46A0A2551FD27B8B001B6E43 /* 27-TabbarApp */ = {
			isa = PBXGroup;
			children = (
				46A0A2561FD27C41001B6E43 /* FirstViewController.swift */,
				46A0A2581FD27C4E001B6E43 /* SecondViewController.swift */,
				46A0A25A1FD27C58001B6E43 /* ThirdViewController.swift */,
				46A0A25C1FD27C87001B6E43 /* ArticleTableViewCell.swift */,
				46A0A25E1FD2A244001B6E43 /* TabBaseViewController.swift */,
			);
			path = "27-TabbarApp";
			sourceTree = "<group>";
		};
		46BE91121FD03561002DD3FD /* 25-BasicAnimation */ = {
			isa = PBXGroup;
			children = (
				46BE911D1FD03740002DD3FD /* BATableViewController.swift */,
				46BE91131FD036F2002DD3FD /* OpacityViewController.swift */,
				46BE91151FD03705002DD3FD /* PositionViewController.swift */,
				46BE91171FD0370F002DD3FD /* ColorViewController.swift */,
				46BE91191FD03718002DD3FD /* ScaleViewController.swift */,
				46BE911B1FD03725002DD3FD /* RotationViewController.swift */,
			);
			path = "25-BasicAnimation";
			sourceTree = "<group>";
		};
		46D1873B1FC2DC2300E7B8DA /* 18-LimitCharacters */ = {
			isa = PBXGroup;
			children = (
				46D1873C1FC2DE2300E7B8DA /* LimitCharsViewController.swift */,
			);
			name = "18-LimitCharacters";
			sourceTree = "<group>";
		};
		46D410D21EDB2DA300047C5A /* 01-StopWatch */ = {
			isa = PBXGroup;
			children = (
				46F051971E044DEF006930F5 /* StopViewController.swift */,
			);
			name = "01-StopWatch";
			sourceTree = "<group>";
		};
		46D410D31EDB2DF600047C5A /* 07-PullToRefresh */ = {
			isa = PBXGroup;
			children = (
				46F051931E044035006930F5 /* PullToRefreshViewController.swift */,
			);
			name = "07-PullToRefresh";
			sourceTree = "<group>";
		};
		46D410D51EDB2E8000047C5A /* 10-VideoBackground */ = {
			isa = PBXGroup;
			children = (
				46F051F01E06DEC6006930F5 /* VideoBackgroundVC.swift */,
				46D410D81EDB2F8500047C5A /* VideoSplashViewController.swift */,
				46D410DC1EDB331400047C5A /* VideoCutter.swift */,
			);
			name = "10-VideoBackground";
			sourceTree = "<group>";
		};
		46D410D61EDB2EA700047C5A /* 08-RandomGradientColorMusic */ = {
			isa = PBXGroup;
			children = (
				46F051A81E059901006930F5 /* RandomColorizationVC.swift */,
			);
			name = "08-RandomGradientColorMusic";
			sourceTree = "<group>";
		};
		46D410D71EDB2F0B00047C5A /* 09-ImageScroller */ = {
			isa = PBXGroup;
			children = (
				46F051EE1E0660A6006930F5 /* ImageScrollerEffectVC.swift */,
			);
			name = "09-ImageScroller";
			sourceTree = "<group>";
		};
		46D410E11EDDB5B500047C5A /* 11-ClearTableViewCell */ = {
			isa = PBXGroup;
			children = (
				46D410E21EDDB6AE00047C5A /* ClearTableViewController.swift */,
				46D410E41EDDB6E300047C5A /* ClearTableViewCell.swift */,
			);
			name = "11-ClearTableViewCell";
			sourceTree = "<group>";
		};
		46EB83C61EE1C3D200FE8336 /* 15-AnimatedSplash */ = {
			isa = PBXGroup;
			children = (
				46EB83C71EE1D91D00FE8336 /* SplashAnimation.swift */,
			);
			name = "15-AnimatedSplash";
			sourceTree = "<group>";
		};
		46F051591E043990006930F5 = {
			isa = PBXGroup;
			children = (
				46F051641E043990006930F5 /* MXDailySwift */,
				46F051791E043990006930F5 /* MXDailySwiftTests */,
				46F051841E043990006930F5 /* MXDailySwiftUITests */,
				46F051631E043990006930F5 /* Products */,
				467232201FD1753500C29849 /* Frameworks */,
			);
			sourceTree = "<group>";
		};
		46F051631E043990006930F5 /* Products */ = {
			isa = PBXGroup;
			children = (
				46F051621E043990006930F5 /* DailySwift.app */,
				46F051761E043990006930F5 /* DailySwiftTests.xctest */,
				46F051811E043990006930F5 /* DailySwiftUITests.xctest */,
			);
			name = Products;
			sourceTree = "<group>";
		};
		46F051641E043990006930F5 /* MXDailySwift */ = {
			isa = PBXGroup;
			children = (
				46F051671E043990006930F5 /* ProjViewController.swift */,
				46F051651E043990006930F5 /* AppDelegate.swift */,
				46D410D21EDB2DA300047C5A /* 01-StopWatch */,
				46F051991E045253006930F5 /* 05-Carousel Effect */,
				46D410D31EDB2DF600047C5A /* 07-PullToRefresh */,
				46D410D61EDB2EA700047C5A /* 08-RandomGradientColorMusic */,
				46D410D71EDB2F0B00047C5A /* 09-ImageScroller */,
				46D410D51EDB2E8000047C5A /* 10-VideoBackground */,
				46D410E11EDDB5B500047C5A /* 11-ClearTableViewCell */,
				467458E51EDF104F00026CC7 /* 12-LoginAnimation */,
				467458EA1EDFA5E700026CC7 /* 13-AnimateTableViewCell */,
				467458F11EE1233200026CC7 /* 14-EmojiSlotMachine */,
				46EB83C61EE1C3D200FE8336 /* 15-AnimatedSplash */,
				46834DED1EEEE44B00CF0579 /* 16-SlideMenu */,
				469561491FBC614F00E60233 /* 17-TumblrMenu */,
				46D1873B1FC2DC2300E7B8DA /* 18-LimitCharacters */,
				46053D731FC47C8C006079D5 /* 19-CustomPullToRefresh */,
				464791081FC94274001F6494 /* 20-CollectionViewAnimation */,
				467604061FCC517F005FD155 /* 21-SwipeableCell */,
				4676040D1FCD084E005FD155 /* 22-3DTouchQuickAction */,
				468CF4D51FCED85400F29EEA /* 23-SlideOutMenu */,
				462B4DF31FCF09F500E81FF5 /* 24-MosaicLayout */,
				46BE91121FD03561002DD3FD /* 25-BasicAnimation */,
				4672321A1FD1731500C29849 /* 26-CoreDataApp */,
				46A0A2551FD27B8B001B6E43 /* 27-TabbarApp */,
				46F051691E043990006930F5 /* Main.storyboard */,
				46F0516E1E043990006930F5 /* LaunchScreen.storyboard */,
				468CF4DD1FCED95400F29EEA /* Support */,
				46FBEFD61EF3B8D60053F9BA /* Assets.xcassets */,
				46F051A51E059495006930F5 /* Sources */,
			);
			path = MXDailySwift;
			sourceTree = "<group>";
		};
		46F051791E043990006930F5 /* MXDailySwiftTests */ = {
			isa = PBXGroup;
			children = (
				46D410DE1EDC48D800047C5A /* TestVideoSplash.swift */,
				46F0517A1E043990006930F5 /* MXDailySwiftTests.swift */,
				46F0517C1E043990006930F5 /* Info.plist */,
			);
			path = MXDailySwiftTests;
			sourceTree = "<group>";
		};
		46F051841E043990006930F5 /* MXDailySwiftUITests */ = {
			isa = PBXGroup;
			children = (
				46F051851E043990006930F5 /* MXDailySwiftUITests.swift */,
				46F051871E043990006930F5 /* Info.plist */,
			);
			path = MXDailySwiftUITests;
			sourceTree = "<group>";
		};
		46F051991E045253006930F5 /* 05-Carousel Effect */ = {
			isa = PBXGroup;
			children = (
				46F0519A1E0452A6006930F5 /* funny.swift */,
				46F0519B1E0452A6006930F5 /* funnyCell.swift */,
				46F0519C1E0452A6006930F5 /* CarouseEViewController.swift */,
			);
			name = "05-Carousel Effect";
			sourceTree = "<group>";
		};
		46F051A51E059495006930F5 /* Sources */ = {
			isa = PBXGroup;
			children = (
				46F051A61E059616006930F5 /* Ecstasy.mp3 */,
				46D410D11EDB2CDA00047C5A /* moments.mp4 */,
			);
			name = Sources;
			path = ../DailySwift.xcodeproj;
			sourceTree = "<group>";
		};
/* End PBXGroup section */

/* Begin PBXNativeTarget section */
		46F051611E043990006930F5 /* DailySwift */ = {
			isa = PBXNativeTarget;
			buildConfigurationList = 46F0518A1E043990006930F5 /* Build configuration list for PBXNativeTarget "DailySwift" */;
			buildPhases = (
				46F0515E1E043990006930F5 /* Sources */,
				46F0515F1E043990006930F5 /* Frameworks */,
				46F051601E043990006930F5 /* Resources */,
			);
			buildRules = (
			);
			dependencies = (
			);
			name = DailySwift;
			productName = MXDailySwift;
			productReference = 46F051621E043990006930F5 /* DailySwift.app */;
			productType = "com.apple.product-type.application";
		};
		46F051751E043990006930F5 /* DailySwiftTests */ = {
			isa = PBXNativeTarget;
			buildConfigurationList = 46F0518D1E043990006930F5 /* Build configuration list for PBXNativeTarget "DailySwiftTests" */;
			buildPhases = (
				46F051721E043990006930F5 /* Sources */,
				46F051731E043990006930F5 /* Frameworks */,
				46F051741E043990006930F5 /* Resources */,
			);
			buildRules = (
			);
			dependencies = (
				46F051781E043990006930F5 /* PBXTargetDependency */,
			);
			name = DailySwiftTests;
			productName = MXDailySwiftTests;
			productReference = 46F051761E043990006930F5 /* DailySwiftTests.xctest */;
			productType = "com.apple.product-type.bundle.unit-test";
		};
		46F051801E043990006930F5 /* DailySwiftUITests */ = {
			isa = PBXNativeTarget;
			buildConfigurationList = 46F051901E043990006930F5 /* Build configuration list for PBXNativeTarget "DailySwiftUITests" */;
			buildPhases = (
				46F0517D1E043990006930F5 /* Sources */,
				46F0517E1E043990006930F5 /* Frameworks */,
				46F0517F1E043990006930F5 /* Resources */,
			);
			buildRules = (
			);
			dependencies = (
				46F051831E043990006930F5 /* PBXTargetDependency */,
			);
			name = DailySwiftUITests;
			productName = MXDailySwiftUITests;
			productReference = 46F051811E043990006930F5 /* DailySwiftUITests.xctest */;
			productType = "com.apple.product-type.bundle.ui-testing";
		};
/* End PBXNativeTarget section */

/* Begin PBXProject section */
		46F0515A1E043990006930F5 /* Project object */ = {
			isa = PBXProject;
			attributes = {
				KnownAssetTags = (
					New,
				);
				LastSwiftUpdateCheck = 0810;
				LastUpgradeCheck = 0900;
				ORGANIZATIONNAME = mx_in;
				TargetAttributes = {
					46F051611E043990006930F5 = {
						CreatedOnToolsVersion = 8.1;
						DevelopmentTeam = DA4MFDZ3GP;
						LastSwiftMigration = 0910;
						ProvisioningStyle = Automatic;
						SystemCapabilities = {
							com.apple.BackgroundModes = {
								enabled = 0;
							};
						};
					};
					46F051751E043990006930F5 = {
						CreatedOnToolsVersion = 8.1;
						DevelopmentTeam = NTDRU2P6T4;
						LastSwiftMigration = 0910;
						ProvisioningStyle = Automatic;
						TestTargetID = 46F051611E043990006930F5;
					};
					46F051801E043990006930F5 = {
						CreatedOnToolsVersion = 8.1;
						DevelopmentTeam = NTDRU2P6T4;
						LastSwiftMigration = 0910;
						ProvisioningStyle = Automatic;
						TestTargetID = 46F051611E043990006930F5;
					};
				};
			};
			buildConfigurationList = 46F0515D1E043990006930F5 /* Build configuration list for PBXProject "DailySwift" */;
			compatibilityVersion = "Xcode 3.2";
			developmentRegion = English;
			hasScannedForEncodings = 0;
			knownRegions = (
				en,
				Base,
			);
			mainGroup = 46F051591E043990006930F5;
			productRefGroup = 46F051631E043990006930F5 /* Products */;
			projectDirPath = "";
			projectRoot = "";
			targets = (
				46F051611E043990006930F5 /* DailySwift */,
				46F051751E043990006930F5 /* DailySwiftTests */,
				46F051801E043990006930F5 /* DailySwiftUITests */,
			);
		};
/* End PBXProject section */

/* Begin PBXResourcesBuildPhase section */
		46F051601E043990006930F5 /* Resources */ = {
			isa = PBXResourcesBuildPhase;
			buildActionMask = 2147483647;
			files = (
				467232271FD18BFE00C29849 /* cd.xcdatamodeld in Resources */,
				468D9F4F1FB99BB4008DC057 /* Assets.xcassets in Resources */,
				46D410E01EDC4E4100047C5A /* moments.mp4 in Resources */,
				46F051701E043990006930F5 /* LaunchScreen.storyboard in Resources */,
				46F051A71E059616006930F5 /* Ecstasy.mp3 in Resources */,
				46F0516B1E043990006930F5 /* Main.storyboard in Resources */,
				46053D7A1FC4817A006079D5 /* RefreshContents.xib in Resources */,
				467604041FCC4762005FD155 /* AnimationCollectionViewCell.xib in Resources */,
			);
			runOnlyForDeploymentPostprocessing = 0;
		};
		46F051741E043990006930F5 /* Resources */ = {
			isa = PBXResourcesBuildPhase;
			buildActionMask = 2147483647;
			files = (
			);
			runOnlyForDeploymentPostprocessing = 0;
		};
		46F0517F1E043990006930F5 /* Resources */ = {
			isa = PBXResourcesBuildPhase;
			buildActionMask = 2147483647;
			files = (
			);
			runOnlyForDeploymentPostprocessing = 0;
		};
/* End PBXResourcesBuildPhase section */

/* Begin PBXSourcesBuildPhase section */
		46F0515E1E043990006930F5 /* Sources */ = {
			isa = PBXSourcesBuildPhase;
			buildActionMask = 2147483647;
			files = (
				46F051981E044DEF006930F5 /* StopViewController.swift in Sources */,
				468CF4E71FCEDE8700F29EEA /* BackTableViewController.swift in Sources */,
				4647910A1FC942BA001F6494 /* CollectAnimateViewController.swift in Sources */,
				467458F01EE0FDE100026CC7 /* EmojiMachineViewController.swift in Sources */,
				464791101FC9486D001F6494 /* AnimationImageCollection.swift in Sources */,
				4619695B1EF2A15F00029FE4 /* MenuTableViewController.swift in Sources */,
				46F051941E044035006930F5 /* PullToRefreshViewController.swift in Sources */,
				467604131FCD8694005FD155 /* SwitchWIFIViewController.swift in Sources */,
				468CF4DF1FCEDC0E00F29EEA /* RevealAbleViewController.swift in Sources */,
				462B4DFD1FCF0B1700E81FF5 /* FMMosaicLayout.m in Sources */,
				467604031FCC4762005FD155 /* AnimationCollectionViewCell.swift in Sources */,
				46F0519E1E0452A6006930F5 /* funnyCell.swift in Sources */,
				469561531FBC685500E60233 /* TumblrMenuTransitionManager.swift in Sources */,
				464791121FC948E8001F6494 /* AnimationCellModel.swift in Sources */,
				46BE91181FD0370F002DD3FD /* ColorViewController.swift in Sources */,
				46F051681E043990006930F5 /* ProjViewController.swift in Sources */,
				469561501FBC683100E60233 /* MainViewController.swift in Sources */,
				4672321C1FD1735A00C29849 /* CoreDataViewController.swift in Sources */,
				46A0A25B1FD27C58001B6E43 /* ThirdViewController.swift in Sources */,
				46A0A25F1FD2A244001B6E43 /* TabBaseViewController.swift in Sources */,
				46834DEF1EEEE6B200CF0579 /* NewsTableViewController.swift in Sources */,
				46D1873D1FC2DE2300E7B8DA /* LimitCharsViewController.swift in Sources */,
				46BE91161FD03705002DD3FD /* PositionViewController.swift in Sources */,
				469561511FBC683100E60233 /* MenuViewController.swift in Sources */,
				46D410E31EDDB6AE00047C5A /* ClearTableViewController.swift in Sources */,
				468CF4E11FCEDE2E00F29EEA /* ChannelViewController.swift in Sources */,
				468CF4E31FCEDE4700F29EEA /* FriendReadViewController.swift in Sources */,
				46F051A91E059901006930F5 /* RandomColorizationVC.swift in Sources */,
				46F0519D1E0452A6006930F5 /* funny.swift in Sources */,
				467458EE1EDFE75B00026CC7 /* SecondTableViewController.swift in Sources */,
				468CF4E51FCEDE6700F29EEA /* ReadLaterViewController.swift in Sources */,
				46BE911E1FD03740002DD3FD /* BATableViewController.swift in Sources */,
				467604111FCD8687005FD155 /* ScanViewController.swift in Sources */,
				46D410E51EDDB6E300047C5A /* ClearTableViewCell.swift in Sources */,
				46A0A2571FD27C41001B6E43 /* FirstViewController.swift in Sources */,
				4676040F1FCD866C005FD155 /* RunViewController.swift in Sources */,
				46D410DD1EDB331400047C5A /* VideoCutter.swift in Sources */,
				46BE91141FD036F2002DD3FD /* OpacityViewController.swift in Sources */,
				46834DF11EEEE9DE00CF0579 /* NewsTableViewCell.swift in Sources */,
				4676040A1FCC51F8005FD155 /* PatternCell.swift in Sources */,
				467458EC1EDFE73600026CC7 /* FirstTableViewController.swift in Sources */,
				467458E71EDF15E000026CC7 /* SignUpViewController.swift in Sources */,
				46F051F11E06DEC6006930F5 /* VideoBackgroundVC.swift in Sources */,
				46BE911C1FD03725002DD3FD /* RotationViewController.swift in Sources */,
				462B4DF51FCF0A3400E81FF5 /* MosaiCollectionViewController.swift in Sources */,
				46A0A25D1FD27C87001B6E43 /* ArticleTableViewCell.swift in Sources */,
				46F0519F1E0452A6006930F5 /* CarouseEViewController.swift in Sources */,
				467458E91EDF15FE00026CC7 /* LoginViewController.swift in Sources */,
				46053D7B1FC4817A006079D5 /* CPRefreshViewController.swift in Sources */,
				46D410D91EDB2F8500047C5A /* VideoSplashViewController.swift in Sources */,
				46F051661E043990006930F5 /* AppDelegate.swift in Sources */,
				46A0A2591FD27C4E001B6E43 /* SecondViewController.swift in Sources */,
				4619695D1EF2A1B900029FE4 /* MenuTransitionManager.swift in Sources */,
				467232261FD18BDC00C29849 /* cd.xcdatamodeld in Sources */,
				468CF4DB1FCED8F800F29EEA /* SWRevealViewController.m in Sources */,
				467604081FCC51B7005FD155 /* SwipeableTableViewController.swift in Sources */,
				468CF4CD1FCD8AE700F29EEA /* QuickActionHandler.swift in Sources */,
				46BE911A1FD03718002DD3FD /* ScaleViewController.swift in Sources */,
				46F051EF1E0660A6006930F5 /* ImageScrollerEffectVC.swift in Sources */,
				467232231FD176B700C29849 /* CoreDataManager.swift in Sources */,
				46EB83C81EE1D91D00FE8336 /* SplashAnimation.swift in Sources */,
				462854A81EF3BD4800DD46D0 /* MenuTableViewCell.swift in Sources */,
				462B4DF21FCDC1F600E81FF5 /* QuickActionViewController.swift in Sources */,
			);
			runOnlyForDeploymentPostprocessing = 0;
		};
		46F051721E043990006930F5 /* Sources */ = {
			isa = PBXSourcesBuildPhase;
			buildActionMask = 2147483647;
			files = (
				46D410DF1EDC48D800047C5A /* TestVideoSplash.swift in Sources */,
				46F0517B1E043990006930F5 /* MXDailySwiftTests.swift in Sources */,
			);
			runOnlyForDeploymentPostprocessing = 0;
		};
		46F0517D1E043990006930F5 /* Sources */ = {
			isa = PBXSourcesBuildPhase;
			buildActionMask = 2147483647;
			files = (
				46F051861E043990006930F5 /* MXDailySwiftUITests.swift in Sources */,
			);
			runOnlyForDeploymentPostprocessing = 0;
		};
/* End PBXSourcesBuildPhase section */

/* Begin PBXTargetDependency section */
		46F051781E043990006930F5 /* PBXTargetDependency */ = {
			isa = PBXTargetDependency;
			target = 46F051611E043990006930F5 /* DailySwift */;
			targetProxy = 46F051771E043990006930F5 /* PBXContainerItemProxy */;
		};
		46F051831E043990006930F5 /* PBXTargetDependency */ = {
			isa = PBXTargetDependency;
			target = 46F051611E043990006930F5 /* DailySwift */;
			targetProxy = 46F051821E043990006930F5 /* PBXContainerItemProxy */;
		};
/* End PBXTargetDependency section */

/* Begin PBXVariantGroup section */
		46F051691E043990006930F5 /* Main.storyboard */ = {
			isa = PBXVariantGroup;
			children = (
				46F0516A1E043990006930F5 /* Base */,
			);
			name = Main.storyboard;
			sourceTree = "<group>";
		};
		46F0516E1E043990006930F5 /* LaunchScreen.storyboard */ = {
			isa = PBXVariantGroup;
			children = (
				46F0516F1E043990006930F5 /* Base */,
			);
			name = LaunchScreen.storyboard;
			sourceTree = "<group>";
		};
/* End PBXVariantGroup section */

/* Begin XCBuildConfiguration section */
		46F051881E043990006930F5 /* Debug */ = {
			isa = XCBuildConfiguration;
			buildSettings = {
				ALWAYS_SEARCH_USER_PATHS = NO;
				CLANG_ANALYZER_NONNULL = YES;
				CLANG_CXX_LANGUAGE_STANDARD = "gnu++0x";
				CLANG_CXX_LIBRARY = "libc++";
				CLANG_ENABLE_MODULES = YES;
				CLANG_ENABLE_OBJC_ARC = YES;
				CLANG_WARN_BLOCK_CAPTURE_AUTORELEASING = YES;
				CLANG_WARN_BOOL_CONVERSION = YES;
				CLANG_WARN_COMMA = YES;
				CLANG_WARN_CONSTANT_CONVERSION = YES;
				CLANG_WARN_DIRECT_OBJC_ISA_USAGE = YES_ERROR;
				CLANG_WARN_DOCUMENTATION_COMMENTS = YES;
				CLANG_WARN_EMPTY_BODY = YES;
				CLANG_WARN_ENUM_CONVERSION = YES;
				CLANG_WARN_INFINITE_RECURSION = YES;
				CLANG_WARN_INT_CONVERSION = YES;
				CLANG_WARN_NON_LITERAL_NULL_CONVERSION = YES;
				CLANG_WARN_OBJC_LITERAL_CONVERSION = YES;
				CLANG_WARN_OBJC_ROOT_CLASS = YES_ERROR;
				CLANG_WARN_RANGE_LOOP_ANALYSIS = YES;
				CLANG_WARN_STRICT_PROTOTYPES = YES;
				CLANG_WARN_SUSPICIOUS_MOVE = YES;
				CLANG_WARN_SUSPICIOUS_MOVES = YES;
				CLANG_WARN_UNREACHABLE_CODE = YES;
				CLANG_WARN__DUPLICATE_METHOD_MATCH = YES;
				"CODE_SIGN_IDENTITY[sdk=iphoneos*]" = "iPhone Developer";
				COPY_PHASE_STRIP = NO;
				DEBUG_INFORMATION_FORMAT = dwarf;
				ENABLE_STRICT_OBJC_MSGSEND = YES;
				ENABLE_TESTABILITY = YES;
				GCC_C_LANGUAGE_STANDARD = gnu99;
				GCC_DYNAMIC_NO_PIC = NO;
				GCC_NO_COMMON_BLOCKS = YES;
				GCC_OPTIMIZATION_LEVEL = 0;
				GCC_PREPROCESSOR_DEFINITIONS = (
					"DEBUG=1",
					"$(inherited)",
				);
				GCC_WARN_64_TO_32_BIT_CONVERSION = YES;
				GCC_WARN_ABOUT_RETURN_TYPE = YES_ERROR;
				GCC_WARN_UNDECLARED_SELECTOR = YES;
				GCC_WARN_UNINITIALIZED_AUTOS = YES_AGGRESSIVE;
				GCC_WARN_UNUSED_FUNCTION = YES;
				GCC_WARN_UNUSED_VARIABLE = YES;
				IPHONEOS_DEPLOYMENT_TARGET = 10.1;
				MTL_ENABLE_DEBUG_INFO = YES;
				ONLY_ACTIVE_ARCH = YES;
				SDKROOT = iphoneos;
				SWIFT_ACTIVE_COMPILATION_CONDITIONS = DEBUG;
				SWIFT_OPTIMIZATION_LEVEL = "-Onone";
			};
			name = Debug;
		};
		46F051891E043990006930F5 /* Release */ = {
			isa = XCBuildConfiguration;
			buildSettings = {
				ALWAYS_SEARCH_USER_PATHS = NO;
				CLANG_ANALYZER_NONNULL = YES;
				CLANG_CXX_LANGUAGE_STANDARD = "gnu++0x";
				CLANG_CXX_LIBRARY = "libc++";
				CLANG_ENABLE_MODULES = YES;
				CLANG_ENABLE_OBJC_ARC = YES;
				CLANG_WARN_BLOCK_CAPTURE_AUTORELEASING = YES;
				CLANG_WARN_BOOL_CONVERSION = YES;
				CLANG_WARN_COMMA = YES;
				CLANG_WARN_CONSTANT_CONVERSION = YES;
				CLANG_WARN_DIRECT_OBJC_ISA_USAGE = YES_ERROR;
				CLANG_WARN_DOCUMENTATION_COMMENTS = YES;
				CLANG_WARN_EMPTY_BODY = YES;
				CLANG_WARN_ENUM_CONVERSION = YES;
				CLANG_WARN_INFINITE_RECURSION = YES;
				CLANG_WARN_INT_CONVERSION = YES;
				CLANG_WARN_NON_LITERAL_NULL_CONVERSION = YES;
				CLANG_WARN_OBJC_LITERAL_CONVERSION = YES;
				CLANG_WARN_OBJC_ROOT_CLASS = YES_ERROR;
				CLANG_WARN_RANGE_LOOP_ANALYSIS = YES;
				CLANG_WARN_STRICT_PROTOTYPES = YES;
				CLANG_WARN_SUSPICIOUS_MOVE = YES;
				CLANG_WARN_SUSPICIOUS_MOVES = YES;
				CLANG_WARN_UNREACHABLE_CODE = YES;
				CLANG_WARN__DUPLICATE_METHOD_MATCH = YES;
				"CODE_SIGN_IDENTITY[sdk=iphoneos*]" = "iPhone Developer";
				COPY_PHASE_STRIP = NO;
				DEBUG_INFORMATION_FORMAT = "dwarf-with-dsym";
				ENABLE_NS_ASSERTIONS = NO;
				ENABLE_STRICT_OBJC_MSGSEND = YES;
				GCC_C_LANGUAGE_STANDARD = gnu99;
				GCC_NO_COMMON_BLOCKS = YES;
				GCC_WARN_64_TO_32_BIT_CONVERSION = YES;
				GCC_WARN_ABOUT_RETURN_TYPE = YES_ERROR;
				GCC_WARN_UNDECLARED_SELECTOR = YES;
				GCC_WARN_UNINITIALIZED_AUTOS = YES_AGGRESSIVE;
				GCC_WARN_UNUSED_FUNCTION = YES;
				GCC_WARN_UNUSED_VARIABLE = YES;
				IPHONEOS_DEPLOYMENT_TARGET = 10.1;
				MTL_ENABLE_DEBUG_INFO = NO;
				SDKROOT = iphoneos;
				SWIFT_OPTIMIZATION_LEVEL = "-Owholemodule";
				VALIDATE_PRODUCT = YES;
			};
			name = Release;
		};
		46F0518B1E043990006930F5 /* Debug */ = {
			isa = XCBuildConfiguration;
			buildSettings = {
				ASSETCATALOG_COMPILER_APPICON_NAME = AppIcon;
				CLANG_ENABLE_MODULES = YES;
				DEVELOPMENT_TEAM = DA4MFDZ3GP;
				INFOPLIST_FILE = MXDailySwift/Info.plist;
				IPHONEOS_DEPLOYMENT_TARGET = 9.0;
				LD_RUNPATH_SEARCH_PATHS = "$(inherited) @executable_path/Frameworks";
				PRODUCT_BUNDLE_IDENTIFIER = "mx-in.MXDailySwift";
				PRODUCT_NAME = "$(TARGET_NAME)";
				SWIFT_OBJC_BRIDGING_HEADER = "MXDailySwift/DailySwift-Bridging-Header.h";
				SWIFT_OPTIMIZATION_LEVEL = "-Onone";
				SWIFT_SWIFT3_OBJC_INFERENCE = Default;
				SWIFT_VERSION = 4.0;
			};
			name = Debug;
		};
		46F0518C1E043990006930F5 /* Release */ = {
			isa = XCBuildConfiguration;
			buildSettings = {
				ASSETCATALOG_COMPILER_APPICON_NAME = AppIcon;
				CLANG_ENABLE_MODULES = YES;
				DEVELOPMENT_TEAM = DA4MFDZ3GP;
				INFOPLIST_FILE = MXDailySwift/Info.plist;
				IPHONEOS_DEPLOYMENT_TARGET = 9.0;
				LD_RUNPATH_SEARCH_PATHS = "$(inherited) @executable_path/Frameworks";
				PRODUCT_BUNDLE_IDENTIFIER = "mx-in.MXDailySwift";
				PRODUCT_NAME = "$(TARGET_NAME)";
				SWIFT_OBJC_BRIDGING_HEADER = "MXDailySwift/DailySwift-Bridging-Header.h";
				SWIFT_SWIFT3_OBJC_INFERENCE = Default;
				SWIFT_VERSION = 4.0;
			};
			name = Release;
		};
		46F0518E1E043990006930F5 /* Debug */ = {
			isa = XCBuildConfiguration;
			buildSettings = {
				ALWAYS_EMBED_SWIFT_STANDARD_LIBRARIES = YES;
				BUNDLE_LOADER = "$(TEST_HOST)";
				DEVELOPMENT_TEAM = NTDRU2P6T4;
				INFOPLIST_FILE = MXDailySwiftTests/Info.plist;
				LD_RUNPATH_SEARCH_PATHS = "$(inherited) @executable_path/Frameworks @loader_path/Frameworks";
				PRODUCT_BUNDLE_IDENTIFIER = my.mxin.MXDailySwiftTests;
				PRODUCT_NAME = "$(TARGET_NAME)";
				SWIFT_SWIFT3_OBJC_INFERENCE = Default;
				SWIFT_VERSION = 4.0;
				TEST_HOST = "$(BUILT_PRODUCTS_DIR)/DailySwift.app/DailySwift";
			};
			name = Debug;
		};
		46F0518F1E043990006930F5 /* Release */ = {
			isa = XCBuildConfiguration;
			buildSettings = {
				ALWAYS_EMBED_SWIFT_STANDARD_LIBRARIES = YES;
				BUNDLE_LOADER = "$(TEST_HOST)";
				DEVELOPMENT_TEAM = NTDRU2P6T4;
				INFOPLIST_FILE = MXDailySwiftTests/Info.plist;
				LD_RUNPATH_SEARCH_PATHS = "$(inherited) @executable_path/Frameworks @loader_path/Frameworks";
				PRODUCT_BUNDLE_IDENTIFIER = my.mxin.MXDailySwiftTests;
				PRODUCT_NAME = "$(TARGET_NAME)";
				SWIFT_SWIFT3_OBJC_INFERENCE = Default;
				SWIFT_VERSION = 4.0;
				TEST_HOST = "$(BUILT_PRODUCTS_DIR)/DailySwift.app/DailySwift";
			};
			name = Release;
		};
		46F051911E043990006930F5 /* Debug */ = {
			isa = XCBuildConfiguration;
			buildSettings = {
				ALWAYS_EMBED_SWIFT_STANDARD_LIBRARIES = YES;
				DEVELOPMENT_TEAM = NTDRU2P6T4;
				INFOPLIST_FILE = MXDailySwiftUITests/Info.plist;
				LD_RUNPATH_SEARCH_PATHS = "$(inherited) @executable_path/Frameworks @loader_path/Frameworks";
				PRODUCT_BUNDLE_IDENTIFIER = my.mxin.MXDailySwiftUITests;
				PRODUCT_NAME = "$(TARGET_NAME)";
				PROVISIONING_PROFILE = "";
				SWIFT_SWIFT3_OBJC_INFERENCE = Default;
				SWIFT_VERSION = 4.0;
				TEST_TARGET_NAME = DailySwift;
			};
			name = Debug;
		};
		46F051921E043990006930F5 /* Release */ = {
			isa = XCBuildConfiguration;
			buildSettings = {
				ALWAYS_EMBED_SWIFT_STANDARD_LIBRARIES = YES;
				DEVELOPMENT_TEAM = NTDRU2P6T4;
				INFOPLIST_FILE = MXDailySwiftUITests/Info.plist;
				LD_RUNPATH_SEARCH_PATHS = "$(inherited) @executable_path/Frameworks @loader_path/Frameworks";
				PRODUCT_BUNDLE_IDENTIFIER = my.mxin.MXDailySwiftUITests;
				PRODUCT_NAME = "$(TARGET_NAME)";
				PROVISIONING_PROFILE = "";
				SWIFT_SWIFT3_OBJC_INFERENCE = Default;
				SWIFT_VERSION = 4.0;
				TEST_TARGET_NAME = DailySwift;
			};
			name = Release;
		};
/* End XCBuildConfiguration section */

/* Begin XCConfigurationList section */
		46F0515D1E043990006930F5 /* Build configuration list for PBXProject "DailySwift" */ = {
			isa = XCConfigurationList;
			buildConfigurations = (
				46F051881E043990006930F5 /* Debug */,
				46F051891E043990006930F5 /* Release */,
			);
			defaultConfigurationIsVisible = 0;
			defaultConfigurationName = Release;
		};
		46F0518A1E043990006930F5 /* Build configuration list for PBXNativeTarget "DailySwift" */ = {
			isa = XCConfigurationList;
			buildConfigurations = (
				46F0518B1E043990006930F5 /* Debug */,
				46F0518C1E043990006930F5 /* Release */,
			);
			defaultConfigurationIsVisible = 0;
			defaultConfigurationName = Release;
		};
		46F0518D1E043990006930F5 /* Build configuration list for PBXNativeTarget "DailySwiftTests" */ = {
			isa = XCConfigurationList;
			buildConfigurations = (
				46F0518E1E043990006930F5 /* Debug */,
				46F0518F1E043990006930F5 /* Release */,
			);
			defaultConfigurationIsVisible = 0;
			defaultConfigurationName = Release;
		};
		46F051901E043990006930F5 /* Build configuration list for PBXNativeTarget "DailySwiftUITests" */ = {
			isa = XCConfigurationList;
			buildConfigurations = (
				46F051911E043990006930F5 /* Debug */,
				46F051921E043990006930F5 /* Release */,
			);
			defaultConfigurationIsVisible = 0;
			defaultConfigurationName = Release;
		};
/* End XCConfigurationList section */

/* Begin XCVersionGroup section */
		467232241FD18BDC00C29849 /* cd.xcdatamodeld */ = {
			isa = XCVersionGroup;
			children = (
				467232251FD18BDC00C29849 /* cd.xcdatamodel */,
			);
			currentVersion = 467232251FD18BDC00C29849 /* cd.xcdatamodel */;
			path = cd.xcdatamodeld;
			sourceTree = "<group>";
			versionGroupType = wrapper.xcdatamodel;
		};
/* End XCVersionGroup section */
	};
	rootObject = 46F0515A1E043990006930F5 /* Project object */;
}
